{"1.2.0",
[{<<"circuits_gpio">>,{pkg,<<"circuits_gpio">>,<<"0.4.6">>},0},
 {<<"cowboy">>,{pkg,<<"cowboy">>,<<"2.8.0">>},0},
 {<<"cowlib">>,{pkg,<<"cowlib">>,<<"2.9.1">>},1},
 {<<"elixir_make">>,{pkg,<<"elixir_make">>,<<"0.6.2">>},1},
 {<<"jsone">>,{pkg,<<"jsone">>,<<"1.5.5">>},0},
 {<<"ranch">>,{pkg,<<"ranch">>,<<"1.7.1">>},1}]}.
[
{pkg_hash,[
 {<<"circuits_gpio">>, <<"E4C37E49F5F76D662DB90F9C4BCF51D6537681BB0DD2A00238598EB35B15E084">>},
 {<<"cowboy">>, <<"F3DC62E35797ECD9AC1B50DB74611193C29815401E53BAC9A5C0577BD7BC667D">>},
 {<<"cowlib">>, <<"61A6C7C50CF07FDD24B2F45B89500BB93B6686579B069A89F88CB211E1125C78">>},
 {<<"elixir_make">>, <<"7DFFACD77DEC4C37B39AF867CEDAABB0B59F6A871F89722C25B28FCD4BD70530">>},
 {<<"jsone">>, <<"E88519CA0427C83D0106C773AFA7231429D0221AAE9A4A4B11F9CA73EC18978A">>},
 {<<"ranch">>, <<"6B1FAB51B49196860B733A49C07604465A47BDB78AA10C1C16A3D199F7F8C881">>}]},
{pkg_hash_ext,[
 {<<"circuits_gpio">>, <<"CD2C9D7F16530D40218CCC2D2F727079439ADF5DF7BACC90C5A6197B40B06E9B">>},
 {<<"cowboy">>, <<"4643E4FBA74AC96D4D152C75803DE6FAD0B3FA5DF354C71AFDD6CBEEB15FAC8A">>},
 {<<"cowlib">>, <<"E4175DC240A70D996156160891E1C62238EDE1729E45740BDD38064DAD476170">>},
 {<<"elixir_make">>, <<"03E49EADDA22526A7E5279D53321D1CCED6552F344BA4E03E619063DE75348D9">>},
 {<<"jsone">>, <<"ECB60CBA1323679209686EEB56EB10A57B31CEB601D96840B04D8C6D39FB9CF5">>},
 {<<"ranch">>, <<"451D8527787DF716D99DC36162FCA05934915DB0B6141BBDAC2EA8D3C7AFC7D7">>}]}
].
